
Microsoft Visual Studio Solution File, Format Version 12.00
# Visual Studio Version 17
VisualStudioVersion = 17.0.32014.148
MinimumVisualStudioVersion = 10.0.40219.1
Project("{FAE04EC0-301F-11D3-BF4B-00C04F79EFBC}") = "ScriptureJournal", "ScriptureJournal\ScriptureJournal.csproj", "{89E768B3-BA40-4A8F-99CC-C5C97456828D}"
EndProject
Global
	GlobalSection(SolutionConfigurationPlatforms) = preSolution
		Debug|Any CPU = Debug|Any CPU
		Release|Any CPU = Release|Any CPU
	EndGlobalSection
	GlobalSection(ProjectConfigurationPlatforms) = postSolution
		{89E768B3-BA40-4A8F-99CC-C5C97456828D}.Debug|Any CPU.ActiveCfg = Debug|Any CPU
		{89E768B3-BA40-4A8F-99CC-C5C97456828D}.Debug|Any CPU.Build.0 = Debug|Any CPU
		{89E768B3-BA40-4A8F-99CC-C5C97456828D}.Release|Any CPU.ActiveCfg = Release|Any CPU
		{89E768B3-BA40-4A8F-99CC-C5C97456828D}.Release|Any CPU.Build.0 = Release|Any CPU
	EndGlobalSection
	GlobalSection(SolutionProperties) = preSolution
		HideSolutionNode = FALSE
	EndGlobalSection
	GlobalSection(ExtensibilityGlobals) = postSolution
		SolutionGuid = {AAC90A09-23A5-490D-B3F7-7C275C6E9CB8}
	EndGlobalSection
EndGlobal
